
Microsoft Visual Studio Solution File, Format Version 12.00
# Visual Studio 14
VisualStudioVersion = 14.0.25420.1
MinimumVisualStudioVersion = 10.0.40219.1
Project("{FAE04EC0-301F-11D3-BF4B-00C04F79EFBC}") = "QuizLibrary", "ClassLibrary1\QuizLibrary.csproj", "{2048460A-93A7-40DD-BDCB-12D35BA58555}"
EndProject
Project("{FAE04EC0-301F-11D3-BF4B-00C04F79EFBC}") = "QuizCli", "QuizCli\QuizCli.csproj", "{96EC314B-77DC-4670-B844-104F55254174}"
EndProject
Project("{FAE04EC0-301F-11D3-BF4B-00C04F79EFBC}") = "QuizGameWebApp", "QuizGameWebApp\QuizGameWebApp.csproj", "{F6E4A1F3-B84F-4720-B9CC-F77A6B2331E2}"
EndProject
Project("{FAE04EC0-301F-11D3-BF4B-00C04F79EFBC}") = "QuizGameWebApp.Tests", "QuizGameWebApp.Tests\QuizGameWebApp.Tests.csproj", "{6259D842-38DD-43C6-B503-91199AC75A6F}"
EndProject
Global
	GlobalSection(SolutionConfigurationPlatforms) = preSolution
		Debug|Any CPU = Debug|Any CPU
		Release|Any CPU = Release|Any CPU
	EndGlobalSection
	GlobalSection(ProjectConfigurationPlatforms) = postSolution
		{2048460A-93A7-40DD-BDCB-12D35BA58555}.Debug|Any CPU.ActiveCfg = Debug|Any CPU
		{2048460A-93A7-40DD-BDCB-12D35BA58555}.Debug|Any CPU.Build.0 = Debug|Any CPU
		{2048460A-93A7-40DD-BDCB-12D35BA58555}.Release|Any CPU.ActiveCfg = Release|Any CPU
		{2048460A-93A7-40DD-BDCB-12D35BA58555}.Release|Any CPU.Build.0 = Release|Any CPU
		{96EC314B-77DC-4670-B844-104F55254174}.Debug|Any CPU.ActiveCfg = Debug|Any CPU
		{96EC314B-77DC-4670-B844-104F55254174}.Debug|Any CPU.Build.0 = Debug|Any CPU
		{96EC314B-77DC-4670-B844-104F55254174}.Release|Any CPU.ActiveCfg = Release|Any CPU
		{96EC314B-77DC-4670-B844-104F55254174}.Release|Any CPU.Build.0 = Release|Any CPU
		{F6E4A1F3-B84F-4720-B9CC-F77A6B2331E2}.Debug|Any CPU.ActiveCfg = Debug|Any CPU
		{F6E4A1F3-B84F-4720-B9CC-F77A6B2331E2}.Debug|Any CPU.Build.0 = Debug|Any CPU
		{F6E4A1F3-B84F-4720-B9CC-F77A6B2331E2}.Release|Any CPU.ActiveCfg = Release|Any CPU
		{F6E4A1F3-B84F-4720-B9CC-F77A6B2331E2}.Release|Any CPU.Build.0 = Release|Any CPU
		{6259D842-38DD-43C6-B503-91199AC75A6F}.Debug|Any CPU.ActiveCfg = Debug|Any CPU
		{6259D842-38DD-43C6-B503-91199AC75A6F}.Debug|Any CPU.Build.0 = Debug|Any CPU
		{6259D842-38DD-43C6-B503-91199AC75A6F}.Release|Any CPU.ActiveCfg = Release|Any CPU
		{6259D842-38DD-43C6-B503-91199AC75A6F}.Release|Any CPU.Build.0 = Release|Any CPU
	EndGlobalSection
	GlobalSection(SolutionProperties) = preSolution
		HideSolutionNode = FALSE
	EndGlobalSection
EndGlobal
